
Microsoft Visual Studio Solution File, Format Version 12.00
# Visual Studio Version 17
VisualStudioVersion = 17.9.34723.18
MinimumVisualStudioVersion = 10.0.40219.1
Project("{FAE04EC0-301F-11D3-BF4B-00C04F79EFBC}") = "GameSelling", "GameSelling.csproj", "{D87E2853-C5C6-4C08-A89C-2295E79CDDFC}"
EndProject
Global
	GlobalSection(SolutionConfigurationPlatforms) = preSolution
		Debug|Any CPU = Debug|Any CPU
		Release|Any CPU = Release|Any CPU
	EndGlobalSection
	GlobalSection(ProjectConfigurationPlatforms) = postSolution
		{D87E2853-C5C6-4C08-A89C-2295E79CDDFC}.Debug|Any CPU.ActiveCfg = Debug|Any CPU
		{D87E2853-C5C6-4C08-A89C-2295E79CDDFC}.Debug|Any CPU.Build.0 = Debug|Any CPU
		{D87E2853-C5C6-4C08-A89C-2295E79CDDFC}.Release|Any CPU.ActiveCfg = Release|Any CPU
		{D87E2853-C5C6-4C08-A89C-2295E79CDDFC}.Release|Any CPU.Build.0 = Release|Any CPU
	EndGlobalSection
	GlobalSection(SolutionProperties) = preSolution
		HideSolutionNode = FALSE
	EndGlobalSection
	GlobalSection(ExtensibilityGlobals) = postSolution
		SolutionGuid = {9E0DA35B-9D03-4FFD-9796-C9539E999E4D}
	EndGlobalSection
EndGlobal
